
Microsoft Visual Studio Solution File, Format Version 12.00
# Visual Studio 2013
VisualStudioVersion = 12.0.31101.0
MinimumVisualStudioVersion = 10.0.40219.1
Project("{2150E333-8FDC-42A3-9474-1A3956D46DE8}") = "Data", "Data", "{7E4B5D67-4719-4C54-AA36-0DA3435E4EFC}"
EndProject
Project("{2150E333-8FDC-42A3-9474-1A3956D46DE8}") = "Web", "Web", "{9B1A45F0-94B7-4323-B909-715811A749C8}"
EndProject
Project("{FAE04EC0-301F-11D3-BF4B-00C04F79EFBC}") = "BettingSystem.Web", "Web\BettingSystem.Web\BettingSystem.Web.csproj", "{06BC173B-4C38-431D-B924-EC0515018DCE}"
EndProject
Project("{FAE04EC0-301F-11D3-BF4B-00C04F79EFBC}") = "BettingSystem.Data", "Data\BettingSystem.Data\BettingSystem.Data.csproj", "{33E6EE5C-07B1-49A6-8E32-840FE477806A}"
EndProject
Project("{FAE04EC0-301F-11D3-BF4B-00C04F79EFBC}") = "BettingSystem.Data.Models", "Data\BettingSystem.Data.Models\BettingSystem.Data.Models.csproj", "{E4C021A0-EDDC-4681-911C-BC13DA13F2E9}"
EndProject
Global
	GlobalSection(SolutionConfigurationPlatforms) = preSolution
		Debug|Any CPU = Debug|Any CPU
		Release|Any CPU = Release|Any CPU
	EndGlobalSection
	GlobalSection(ProjectConfigurationPlatforms) = postSolution
		{06BC173B-4C38-431D-B924-EC0515018DCE}.Debug|Any CPU.ActiveCfg = Debug|Any CPU
		{06BC173B-4C38-431D-B924-EC0515018DCE}.Debug|Any CPU.Build.0 = Debug|Any CPU
		{06BC173B-4C38-431D-B924-EC0515018DCE}.Release|Any CPU.ActiveCfg = Release|Any CPU
		{06BC173B-4C38-431D-B924-EC0515018DCE}.Release|Any CPU.Build.0 = Release|Any CPU
		{33E6EE5C-07B1-49A6-8E32-840FE477806A}.Debug|Any CPU.ActiveCfg = Debug|Any CPU
		{33E6EE5C-07B1-49A6-8E32-840FE477806A}.Debug|Any CPU.Build.0 = Debug|Any CPU
		{33E6EE5C-07B1-49A6-8E32-840FE477806A}.Release|Any CPU.ActiveCfg = Release|Any CPU
		{33E6EE5C-07B1-49A6-8E32-840FE477806A}.Release|Any CPU.Build.0 = Release|Any CPU
		{E4C021A0-EDDC-4681-911C-BC13DA13F2E9}.Debug|Any CPU.ActiveCfg = Debug|Any CPU
		{E4C021A0-EDDC-4681-911C-BC13DA13F2E9}.Debug|Any CPU.Build.0 = Debug|Any CPU
		{E4C021A0-EDDC-4681-911C-BC13DA13F2E9}.Release|Any CPU.ActiveCfg = Release|Any CPU
		{E4C021A0-EDDC-4681-911C-BC13DA13F2E9}.Release|Any CPU.Build.0 = Release|Any CPU
	EndGlobalSection
	GlobalSection(SolutionProperties) = preSolution
		HideSolutionNode = FALSE
	EndGlobalSection
	GlobalSection(NestedProjects) = preSolution
		{06BC173B-4C38-431D-B924-EC0515018DCE} = {9B1A45F0-94B7-4323-B909-715811A749C8}
		{33E6EE5C-07B1-49A6-8E32-840FE477806A} = {7E4B5D67-4719-4C54-AA36-0DA3435E4EFC}
		{E4C021A0-EDDC-4681-911C-BC13DA13F2E9} = {7E4B5D67-4719-4C54-AA36-0DA3435E4EFC}
	EndGlobalSection
EndGlobal
